
Microsoft Visual Studio Solution File, Format Version 12.00
# Visual Studio 15
Project("{FAE04EC0-301F-11D3-BF4B-00C04F79EFBC}") = "Assembly-CSharp", "Assembly-CSharp.csproj", "{A2A74971-EC7C-DF3B-3493-660C94F73C8D}"
EndProject
Project("{FAE04EC0-301F-11D3-BF4B-00C04F79EFBC}") = "Assembly-CSharp-Editor", "Assembly-CSharp-Editor.csproj", "{FBEB8EFB-C572-DFB9-5D04-7C5412C98293}"
EndProject
Project("{FAE04EC0-301F-11D3-BF4B-00C04F79EFBC}") = "UniRx", "UniRx.csproj", "{ACC3647A-F9E1-D708-D1D4-B13CB3AD9A1D}"
EndProject
Project("{FAE04EC0-301F-11D3-BF4B-00C04F79EFBC}") = "MoreMountains.NiceVibrations.Demos", "MoreMountains.NiceVibrations.Demos.csproj", "{AA29BB5B-1C36-964B-5440-FF791FB17DF0}"
EndProject
Project("{FAE04EC0-301F-11D3-BF4B-00C04F79EFBC}") = "ACTk.Runtime", "ACTk.Runtime.csproj", "{06DCB966-4B7B-C0D8-B0AA-C7B60081247A}"
EndProject
Project("{FAE04EC0-301F-11D3-BF4B-00C04F79EFBC}") = "MoreMountains.NiceVibrations.Haptics", "MoreMountains.NiceVibrations.Haptics.csproj", "{E3BACB2A-70F9-CE98-A057-0D2E4A2645BA}"
EndProject
Project("{FAE04EC0-301F-11D3-BF4B-00C04F79EFBC}") = "ACTk.Editor", "ACTk.Editor.csproj", "{AD7EC9C3-5CB1-5357-E45D-211F566999C9}"
EndProject
Project("{FAE04EC0-301F-11D3-BF4B-00C04F79EFBC}") = "Google.Android.AppBundle.Editor", "Google.Android.AppBundle.Editor.csproj", "{E4014053-0EB2-316A-027E-F242E5BA7C56}"
EndProject
Project("{FAE04EC0-301F-11D3-BF4B-00C04F79EFBC}") = "spine-unity", "spine-unity.csproj", "{6573B84E-A9E7-C97D-DB27-0A51CFAD931B}"
EndProject
Project("{FAE04EC0-301F-11D3-BF4B-00C04F79EFBC}") = "spine-unity-editor", "spine-unity-editor.csproj", "{DABD82CA-2A3A-2700-787A-F1F0FE4677AC}"
EndProject
Project("{FAE04EC0-301F-11D3-BF4B-00C04F79EFBC}") = "MaxSdk.Scripts", "MaxSdk.Scripts.csproj", "{182404CE-CBAC-1808-2CCE-132A9CA11076}"
EndProject
Project("{FAE04EC0-301F-11D3-BF4B-00C04F79EFBC}") = "ACTk.Examples.Genuine.Runtime", "ACTk.Examples.Genuine.Runtime.csproj", "{8E0932E5-1EAF-403C-80C9-36514C3D23B8}"
EndProject
Project("{FAE04EC0-301F-11D3-BF4B-00C04F79EFBC}") = "AppsFlyer", "AppsFlyer.csproj", "{3E2553B0-BE2E-B439-5655-9934EFB4B297}"
EndProject
Project("{FAE04EC0-301F-11D3-BF4B-00C04F79EFBC}") = "ACTk.Examples.Runtime", "ACTk.Examples.Runtime.csproj", "{04DBF1A3-82C0-E789-C709-3F7140F20E2C}"
EndProject
Project("{FAE04EC0-301F-11D3-BF4B-00C04F79EFBC}") = "Coffee.UIParticle.Editor", "Coffee.UIParticle.Editor.csproj", "{F7EE18E1-A4DC-7B69-4A57-E076F214CB3F}"
EndProject
Project("{FAE04EC0-301F-11D3-BF4B-00C04F79EFBC}") = "Kamgam.UGUIWorldImage", "Kamgam.UGUIWorldImage.csproj", "{D53C7051-779D-9209-0BE7-FABF42FB4F86}"
EndProject
Project("{FAE04EC0-301F-11D3-BF4B-00C04F79EFBC}") = "Google.Play.Common", "Google.Play.Common.csproj", "{811232D2-3C2D-A256-CDAC-6C747449DD8F}"
EndProject
Project("{FAE04EC0-301F-11D3-BF4B-00C04F79EFBC}") = "ACTk.Examples.Genuine.Editor", "ACTk.Examples.Genuine.Editor.csproj", "{754CF290-D614-17D2-1EB9-11B8104F97D6}"
EndProject
Project("{FAE04EC0-301F-11D3-BF4B-00C04F79EFBC}") = "MoreMountains.NiceVibrations.Editor", "MoreMountains.NiceVibrations.Editor.csproj", "{82587F21-0D48-AA7C-5058-7D8E64770F17}"
EndProject
Project("{FAE04EC0-301F-11D3-BF4B-00C04F79EFBC}") = "Google.Play.Core", "Google.Play.Core.csproj", "{B4FE2DAC-FA0A-6A33-70B1-158A0B19F85D}"
EndProject
Project("{FAE04EC0-301F-11D3-BF4B-00C04F79EFBC}") = "Coffee.UIParticle", "Coffee.UIParticle.csproj", "{8A47800F-0567-DAE3-21F7-94A01FBB9665}"
EndProject
Project("{FAE04EC0-301F-11D3-BF4B-00C04F79EFBC}") = "MaxSdk.Scripts.IntegrationManager.Editor", "MaxSdk.Scripts.IntegrationManager.Editor.csproj", "{D3BB7E65-95AE-9EDD-665C-A9D338FEC04D}"
EndProject
Project("{FAE04EC0-301F-11D3-BF4B-00C04F79EFBC}") = "UniRx.Examples", "UniRx.Examples.csproj", "{78C7232A-8579-D0AF-0DB6-31E8742039B1}"
EndProject
Project("{FAE04EC0-301F-11D3-BF4B-00C04F79EFBC}") = "AppsFlyer.Editor", "AppsFlyer.Editor.csproj", "{E114C99D-C1A6-7E20-B79B-662E7D6FE2E4}"
EndProject
Project("{FAE04EC0-301F-11D3-BF4B-00C04F79EFBC}") = "Google.Play.Review", "Google.Play.Review.csproj", "{B16E8BFD-3840-BDF8-4517-EEC22EB5B5B9}"
EndProject
Project("{FAE04EC0-301F-11D3-BF4B-00C04F79EFBC}") = "MoreMountains.NiceVibrations", "MoreMountains.NiceVibrations.csproj", "{E0762FD2-1386-B6CE-8284-6B8B0BB9C926}"
EndProject
Project("{FAE04EC0-301F-11D3-BF4B-00C04F79EFBC}") = "Sirenix.OdinInspector.Modules.UnityMathematics", "Sirenix.OdinInspector.Modules.UnityMathematics.csproj", "{31313D9C-45E3-EA23-7BD8-013C18BD5318}"
EndProject
Global
	GlobalSection(SolutionConfigurationPlatforms) = preSolution
		Debug|Any CPU = Debug|Any CPU
		Release|Any CPU = Release|Any CPU
	EndGlobalSection
	GlobalSection(ProjectConfigurationPlatforms) = postSolution
		{A2A74971-EC7C-DF3B-3493-660C94F73C8D}.Debug|Any CPU.ActiveCfg = Debug|Any CPU
		{A2A74971-EC7C-DF3B-3493-660C94F73C8D}.Debug|Any CPU.Build.0 = Debug|Any CPU
		{A2A74971-EC7C-DF3B-3493-660C94F73C8D}.Release|Any CPU.ActiveCfg = Release|Any CPU
		{A2A74971-EC7C-DF3B-3493-660C94F73C8D}.Release|Any CPU.Build.0 = Release|Any CPU
		{FBEB8EFB-C572-DFB9-5D04-7C5412C98293}.Debug|Any CPU.ActiveCfg = Debug|Any CPU
		{FBEB8EFB-C572-DFB9-5D04-7C5412C98293}.Debug|Any CPU.Build.0 = Debug|Any CPU
		{FBEB8EFB-C572-DFB9-5D04-7C5412C98293}.Release|Any CPU.ActiveCfg = Release|Any CPU
		{FBEB8EFB-C572-DFB9-5D04-7C5412C98293}.Release|Any CPU.Build.0 = Release|Any CPU
		{ACC3647A-F9E1-D708-D1D4-B13CB3AD9A1D}.Debug|Any CPU.ActiveCfg = Debug|Any CPU
		{ACC3647A-F9E1-D708-D1D4-B13CB3AD9A1D}.Debug|Any CPU.Build.0 = Debug|Any CPU
		{ACC3647A-F9E1-D708-D1D4-B13CB3AD9A1D}.Release|Any CPU.ActiveCfg = Release|Any CPU
		{ACC3647A-F9E1-D708-D1D4-B13CB3AD9A1D}.Release|Any CPU.Build.0 = Release|Any CPU
		{AA29BB5B-1C36-964B-5440-FF791FB17DF0}.Debug|Any CPU.ActiveCfg = Debug|Any CPU
		{AA29BB5B-1C36-964B-5440-FF791FB17DF0}.Debug|Any CPU.Build.0 = Debug|Any CPU
		{AA29BB5B-1C36-964B-5440-FF791FB17DF0}.Release|Any CPU.ActiveCfg = Release|Any CPU
		{AA29BB5B-1C36-964B-5440-FF791FB17DF0}.Release|Any CPU.Build.0 = Release|Any CPU
		{06DCB966-4B7B-C0D8-B0AA-C7B60081247A}.Debug|Any CPU.ActiveCfg = Debug|Any CPU
		{06DCB966-4B7B-C0D8-B0AA-C7B60081247A}.Debug|Any CPU.Build.0 = Debug|Any CPU
		{06DCB966-4B7B-C0D8-B0AA-C7B60081247A}.Release|Any CPU.ActiveCfg = Release|Any CPU
		{06DCB966-4B7B-C0D8-B0AA-C7B60081247A}.Release|Any CPU.Build.0 = Release|Any CPU
		{E3BACB2A-70F9-CE98-A057-0D2E4A2645BA}.Debug|Any CPU.ActiveCfg = Debug|Any CPU
		{E3BACB2A-70F9-CE98-A057-0D2E4A2645BA}.Debug|Any CPU.Build.0 = Debug|Any CPU
		{E3BACB2A-70F9-CE98-A057-0D2E4A2645BA}.Release|Any CPU.ActiveCfg = Release|Any CPU
		{E3BACB2A-70F9-CE98-A057-0D2E4A2645BA}.Release|Any CPU.Build.0 = Release|Any CPU
		{AD7EC9C3-5CB1-5357-E45D-211F566999C9}.Debug|Any CPU.ActiveCfg = Debug|Any CPU
		{AD7EC9C3-5CB1-5357-E45D-211F566999C9}.Debug|Any CPU.Build.0 = Debug|Any CPU
		{AD7EC9C3-5CB1-5357-E45D-211F566999C9}.Release|Any CPU.ActiveCfg = Release|Any CPU
		{AD7EC9C3-5CB1-5357-E45D-211F566999C9}.Release|Any CPU.Build.0 = Release|Any CPU
		{E4014053-0EB2-316A-027E-F242E5BA7C56}.Debug|Any CPU.ActiveCfg = Debug|Any CPU
		{E4014053-0EB2-316A-027E-F242E5BA7C56}.Debug|Any CPU.Build.0 = Debug|Any CPU
		{E4014053-0EB2-316A-027E-F242E5BA7C56}.Release|Any CPU.ActiveCfg = Release|Any CPU
		{E4014053-0EB2-316A-027E-F242E5BA7C56}.Release|Any CPU.Build.0 = Release|Any CPU
		{6573B84E-A9E7-C97D-DB27-0A51CFAD931B}.Debug|Any CPU.ActiveCfg = Debug|Any CPU
		{6573B84E-A9E7-C97D-DB27-0A51CFAD931B}.Debug|Any CPU.Build.0 = Debug|Any CPU
		{6573B84E-A9E7-C97D-DB27-0A51CFAD931B}.Release|Any CPU.ActiveCfg = Release|Any CPU
		{6573B84E-A9E7-C97D-DB27-0A51CFAD931B}.Release|Any CPU.Build.0 = Release|Any CPU
		{DABD82CA-2A3A-2700-787A-F1F0FE4677AC}.Debug|Any CPU.ActiveCfg = Debug|Any CPU
		{DABD82CA-2A3A-2700-787A-F1F0FE4677AC}.Debug|Any CPU.Build.0 = Debug|Any CPU
		{DABD82CA-2A3A-2700-787A-F1F0FE4677AC}.Release|Any CPU.ActiveCfg = Release|Any CPU
		{DABD82CA-2A3A-2700-787A-F1F0FE4677AC}.Release|Any CPU.Build.0 = Release|Any CPU
		{182404CE-CBAC-1808-2CCE-132A9CA11076}.Debug|Any CPU.ActiveCfg = Debug|Any CPU
		{182404CE-CBAC-1808-2CCE-132A9CA11076}.Debug|Any CPU.Build.0 = Debug|Any CPU
		{182404CE-CBAC-1808-2CCE-132A9CA11076}.Release|Any CPU.ActiveCfg = Release|Any CPU
		{182404CE-CBAC-1808-2CCE-132A9CA11076}.Release|Any CPU.Build.0 = Release|Any CPU
		{8E0932E5-1EAF-403C-80C9-36514C3D23B8}.Debug|Any CPU.ActiveCfg = Debug|Any CPU
		{8E0932E5-1EAF-403C-80C9-36514C3D23B8}.Debug|Any CPU.Build.0 = Debug|Any CPU
		{8E0932E5-1EAF-403C-80C9-36514C3D23B8}.Release|Any CPU.ActiveCfg = Release|Any CPU
		{8E0932E5-1EAF-403C-80C9-36514C3D23B8}.Release|Any CPU.Build.0 = Release|Any CPU
		{3E2553B0-BE2E-B439-5655-9934EFB4B297}.Debug|Any CPU.ActiveCfg = Debug|Any CPU
		{3E2553B0-BE2E-B439-5655-9934EFB4B297}.Debug|Any CPU.Build.0 = Debug|Any CPU
		{3E2553B0-BE2E-B439-5655-9934EFB4B297}.Release|Any CPU.ActiveCfg = Release|Any CPU
		{3E2553B0-BE2E-B439-5655-9934EFB4B297}.Release|Any CPU.Build.0 = Release|Any CPU
		{04DBF1A3-82C0-E789-C709-3F7140F20E2C}.Debug|Any CPU.ActiveCfg = Debug|Any CPU
		{04DBF1A3-82C0-E789-C709-3F7140F20E2C}.Debug|Any CPU.Build.0 = Debug|Any CPU
		{04DBF1A3-82C0-E789-C709-3F7140F20E2C}.Release|Any CPU.ActiveCfg = Release|Any CPU
		{04DBF1A3-82C0-E789-C709-3F7140F20E2C}.Release|Any CPU.Build.0 = Release|Any CPU
		{F7EE18E1-A4DC-7B69-4A57-E076F214CB3F}.Debug|Any CPU.ActiveCfg = Debug|Any CPU
		{F7EE18E1-A4DC-7B69-4A57-E076F214CB3F}.Debug|Any CPU.Build.0 = Debug|Any CPU
		{F7EE18E1-A4DC-7B69-4A57-E076F214CB3F}.Release|Any CPU.ActiveCfg = Release|Any CPU
		{F7EE18E1-A4DC-7B69-4A57-E076F214CB3F}.Release|Any CPU.Build.0 = Release|Any CPU
		{D53C7051-779D-9209-0BE7-FABF42FB4F86}.Debug|Any CPU.ActiveCfg = Debug|Any CPU
		{D53C7051-779D-9209-0BE7-FABF42FB4F86}.Debug|Any CPU.Build.0 = Debug|Any CPU
		{D53C7051-779D-9209-0BE7-FABF42FB4F86}.Release|Any CPU.ActiveCfg = Release|Any CPU
		{D53C7051-779D-9209-0BE7-FABF42FB4F86}.Release|Any CPU.Build.0 = Release|Any CPU
		{811232D2-3C2D-A256-CDAC-6C747449DD8F}.Debug|Any CPU.ActiveCfg = Debug|Any CPU
		{811232D2-3C2D-A256-CDAC-6C747449DD8F}.Debug|Any CPU.Build.0 = Debug|Any CPU
		{811232D2-3C2D-A256-CDAC-6C747449DD8F}.Release|Any CPU.ActiveCfg = Release|Any CPU
		{811232D2-3C2D-A256-CDAC-6C747449DD8F}.Release|Any CPU.Build.0 = Release|Any CPU
		{754CF290-D614-17D2-1EB9-11B8104F97D6}.Debug|Any CPU.ActiveCfg = Debug|Any CPU
		{754CF290-D614-17D2-1EB9-11B8104F97D6}.Debug|Any CPU.Build.0 = Debug|Any CPU
		{754CF290-D614-17D2-1EB9-11B8104F97D6}.Release|Any CPU.ActiveCfg = Release|Any CPU
		{754CF290-D614-17D2-1EB9-11B8104F97D6}.Release|Any CPU.Build.0 = Release|Any CPU
		{82587F21-0D48-AA7C-5058-7D8E64770F17}.Debug|Any CPU.ActiveCfg = Debug|Any CPU
		{82587F21-0D48-AA7C-5058-7D8E64770F17}.Debug|Any CPU.Build.0 = Debug|Any CPU
		{82587F21-0D48-AA7C-5058-7D8E64770F17}.Release|Any CPU.ActiveCfg = Release|Any CPU
		{82587F21-0D48-AA7C-5058-7D8E64770F17}.Release|Any CPU.Build.0 = Release|Any CPU
		{B4FE2DAC-FA0A-6A33-70B1-158A0B19F85D}.Debug|Any CPU.ActiveCfg = Debug|Any CPU
		{B4FE2DAC-FA0A-6A33-70B1-158A0B19F85D}.Debug|Any CPU.Build.0 = Debug|Any CPU
		{B4FE2DAC-FA0A-6A33-70B1-158A0B19F85D}.Release|Any CPU.ActiveCfg = Release|Any CPU
		{B4FE2DAC-FA0A-6A33-70B1-158A0B19F85D}.Release|Any CPU.Build.0 = Release|Any CPU
		{8A47800F-0567-DAE3-21F7-94A01FBB9665}.Debug|Any CPU.ActiveCfg = Debug|Any CPU
		{8A47800F-0567-DAE3-21F7-94A01FBB9665}.Debug|Any CPU.Build.0 = Debug|Any CPU
		{8A47800F-0567-DAE3-21F7-94A01FBB9665}.Release|Any CPU.ActiveCfg = Release|Any CPU
		{8A47800F-0567-DAE3-21F7-94A01FBB9665}.Release|Any CPU.Build.0 = Release|Any CPU
		{D3BB7E65-95AE-9EDD-665C-A9D338FEC04D}.Debug|Any CPU.ActiveCfg = Debug|Any CPU
		{D3BB7E65-95AE-9EDD-665C-A9D338FEC04D}.Debug|Any CPU.Build.0 = Debug|Any CPU
		{D3BB7E65-95AE-9EDD-665C-A9D338FEC04D}.Release|Any CPU.ActiveCfg = Release|Any CPU
		{D3BB7E65-95AE-9EDD-665C-A9D338FEC04D}.Release|Any CPU.Build.0 = Release|Any CPU
		{78C7232A-8579-D0AF-0DB6-31E8742039B1}.Debug|Any CPU.ActiveCfg = Debug|Any CPU
		{78C7232A-8579-D0AF-0DB6-31E8742039B1}.Debug|Any CPU.Build.0 = Debug|Any CPU
		{78C7232A-8579-D0AF-0DB6-31E8742039B1}.Release|Any CPU.ActiveCfg = Release|Any CPU
		{78C7232A-8579-D0AF-0DB6-31E8742039B1}.Release|Any CPU.Build.0 = Release|Any CPU
		{E114C99D-C1A6-7E20-B79B-662E7D6FE2E4}.Debug|Any CPU.ActiveCfg = Debug|Any CPU
		{E114C99D-C1A6-7E20-B79B-662E7D6FE2E4}.Debug|Any CPU.Build.0 = Debug|Any CPU
		{E114C99D-C1A6-7E20-B79B-662E7D6FE2E4}.Release|Any CPU.ActiveCfg = Release|Any CPU
		{E114C99D-C1A6-7E20-B79B-662E7D6FE2E4}.Release|Any CPU.Build.0 = Release|Any CPU
		{B16E8BFD-3840-BDF8-4517-EEC22EB5B5B9}.Debug|Any CPU.ActiveCfg = Debug|Any CPU
		{B16E8BFD-3840-BDF8-4517-EEC22EB5B5B9}.Debug|Any CPU.Build.0 = Debug|Any CPU
		{B16E8BFD-3840-BDF8-4517-EEC22EB5B5B9}.Release|Any CPU.ActiveCfg = Release|Any CPU
		{B16E8BFD-3840-BDF8-4517-EEC22EB5B5B9}.Release|Any CPU.Build.0 = Release|Any CPU
		{E0762FD2-1386-B6CE-8284-6B8B0BB9C926}.Debug|Any CPU.ActiveCfg = Debug|Any CPU
		{E0762FD2-1386-B6CE-8284-6B8B0BB9C926}.Debug|Any CPU.Build.0 = Debug|Any CPU
		{E0762FD2-1386-B6CE-8284-6B8B0BB9C926}.Release|Any CPU.ActiveCfg = Release|Any CPU
		{E0762FD2-1386-B6CE-8284-6B8B0BB9C926}.Release|Any CPU.Build.0 = Release|Any CPU
		{31313D9C-45E3-EA23-7BD8-013C18BD5318}.Debug|Any CPU.ActiveCfg = Debug|Any CPU
		{31313D9C-45E3-EA23-7BD8-013C18BD5318}.Debug|Any CPU.Build.0 = Debug|Any CPU
		{31313D9C-45E3-EA23-7BD8-013C18BD5318}.Release|Any CPU.ActiveCfg = Release|Any CPU
		{31313D9C-45E3-EA23-7BD8-013C18BD5318}.Release|Any CPU.Build.0 = Release|Any CPU
	EndGlobalSection
	GlobalSection(SolutionProperties) = preSolution
		HideSolutionNode = FALSE
	EndGlobalSection
EndGlobal
